{
  "name": "data-analysis",
  "version": "0.0.1",
  "lockfileVersion": 2,
  "requires": true,
  "packages": {
    "": {
      "name": "data-analysis",
      "version": "0.0.1",
      "license": "MIT",
      "devDependencies": {
        "@node-rs/jieba": "^1.7.0",
        "canvas-constructor": "^7.0.1",
        "chart.js": "^4.3.0",
        "xlsx": "^0.18.5"
      }
    },
    "node_modules/@kurkle/color": {
      "version": "0.3.2",
      "resolved": "https://registry.npmmirror.com/@kurkle/color/-/color-0.3.2.tgz",
      "integrity": "sha512-fuscdXJ9G1qb7W8VdHi+IwRqij3lBkosAm4ydQtEmbY58OzHXqQhvlxqEkoz0yssNVn38bcpRWgA9PP+OGoisw==",
      "dev": true
    },
    "node_modules/@node-rs/jieba": {
      "version": "1.7.0",
      "resolved": "https://registry.npmmirror.com/@node-rs/jieba/-/jieba-1.7.0.tgz",
      "integrity": "sha512-Hm1JIlejxkWe1FSFZRns/g1j5hZmp357n+0n2BluABA4KLZ8EraHfPmPRmVMW6vbdMZObTYIVu5aVrPnUfBOxg==",
      "dev": true,
      "engines": {
        "node": ">= 10"
      },
      "optionalDependencies": {
        "@node-rs/jieba-android-arm-eabi": "1.7.0",
        "@node-rs/jieba-android-arm64": "1.7.0",
        "@node-rs/jieba-darwin-arm64": "1.7.0",
        "@node-rs/jieba-darwin-x64": "1.7.0",
        "@node-rs/jieba-freebsd-x64": "1.7.0",
        "@node-rs/jieba-linux-arm-gnueabihf": "1.7.0",
        "@node-rs/jieba-linux-arm64-gnu": "1.7.0",
        "@node-rs/jieba-linux-arm64-musl": "1.7.0",
        "@node-rs/jieba-linux-x64-gnu": "1.7.0",
        "@node-rs/jieba-linux-x64-musl": "1.7.0",
        "@node-rs/jieba-win32-arm64-msvc": "1.7.0",
        "@node-rs/jieba-win32-ia32-msvc": "1.7.0",
        "@node-rs/jieba-win32-x64-msvc": "1.7.0"
      }
    },
    "node_modules/@node-rs/jieba-android-arm-eabi": {
      "version": "1.7.0",
      "resolved": "https://registry.npmmirror.com/@node-rs/jieba-android-arm-eabi/-/jieba-android-arm-eabi-1.7.0.tgz",
      "integrity": "sha512-XF4OYcZCyDiBK+jm1Zmt2o+xEO7K2K5OvUC3MTc9jd3Lwvy3EdHp8tpGvEp8PxfVFe2/JxNzX4OQQQP3Dhmk9A==",
      "cpu": [
        "arm"
      ],
      "dev": true,
      "optional": true,
      "os": [
        "android"
      ],
      "engines": {
        "node": ">= 10"
      }
    },
    "node_modules/@node-rs/jieba-android-arm64": {
      "version": "1.7.0",
      "resolved": "https://registry.npmmirror.com/@node-rs/jieba-android-arm64/-/jieba-android-arm64-1.7.0.tgz",
      "integrity": "sha512-9oWwFVr/37T89WC+jjiI9A6u0zUJNTJl5ZC4CMxX45MVMokWI7bBXU7t7qBmMdFBzj+OFwDd3sm1fh4vl7NSWA==",
      "cpu": [
        "arm64"
      ],
      "dev": true,
      "optional": true,
      "os": [
        "android"
      ],
      "engines": {
        "node": ">= 10"
      }
    },
    "node_modules/@node-rs/jieba-darwin-arm64": {
      "version": "1.7.0",
      "resolved": "https://registry.npmmirror.com/@node-rs/jieba-darwin-arm64/-/jieba-darwin-arm64-1.7.0.tgz",
      "integrity": "sha512-9gBuxJCNITNI/gU5l8eeVGQ9MAf0BV86lfeo9TeU61vJCy6sqyx26wFMLODQgLNdiMP+q/fZme/G0hfZUjfPVA==",
      "cpu": [
        "arm64"
      ],
      "dev": true,
      "optional": true,
      "os": [
        "darwin"
      ],
      "engines": {
        "node": ">= 10"
      }
    },
    "node_modules/@node-rs/jieba-darwin-x64": {
      "version": "1.7.0",
      "resolved": "https://registry.npmmirror.com/@node-rs/jieba-darwin-x64/-/jieba-darwin-x64-1.7.0.tgz",
      "integrity": "sha512-FFUSMY4tl0Prpxa1SHy7Yzze2KfV/bZzccpO5nd+a8zCKbiX6gVkJ89FfxSAD2QrXUGkZvJYiPmu5nkZItqRZQ==",
      "cpu": [
        "x64"
      ],
      "dev": true,
      "optional": true,
      "os": [
        "darwin"
      ],
      "engines": {
        "node": ">= 10"
      }
    },
    "node_modules/@node-rs/jieba-freebsd-x64": {
      "version": "1.7.0",
      "resolved": "https://registry.npmmirror.com/@node-rs/jieba-freebsd-x64/-/jieba-freebsd-x64-1.7.0.tgz",
      "integrity": "sha512-QFz2pz0Br+621QbKkgQPqTn90j1kcCD9jaI++qTLNHJGlWLRn6sFoAjb+jQEQEy9aE7VqfIV56eaVcCoU5VO2w==",
      "cpu": [
        "x64"
      ],
      "dev": true,
      "optional": true,
      "os": [
        "freebsd"
      ],
      "engines": {
        "node": ">= 10"
      }
    },
    "node_modules/@node-rs/jieba-linux-arm-gnueabihf": {
      "version": "1.7.0",
      "resolved": "https://registry.npmmirror.com/@node-rs/jieba-linux-arm-gnueabihf/-/jieba-linux-arm-gnueabihf-1.7.0.tgz",
      "integrity": "sha512-kHJxO2sd7gMKqI1YS5DjABEcRwRemaCtgbKSuUqEaHGmUz9nAaUF6FSY8U4rXwr7HXt+kQa4NgyYDjgz+Pscrw==",
      "cpu": [
        "arm"
      ],
      "dev": true,
      "optional": true,
      "os": [
        "linux"
      ],
      "engines": {
        "node": ">= 10"
      }
    },
    "node_modules/@node-rs/jieba-linux-arm64-gnu": {
      "version": "1.7.0",
      "resolved": "https://registry.npmmirror.com/@node-rs/jieba-linux-arm64-gnu/-/jieba-linux-arm64-gnu-1.7.0.tgz",
      "integrity": "sha512-3qoCV9pF6llPBGDMu7K8JdHjI10WPkrq6P2gpZESqekcE4DatV6DcU9FWR+QL7MK/7meoE3/Zhjm7OK+qBd8gg==",
      "cpu": [
        "arm64"
      ],
      "dev": true,
      "optional": true,
      "os": [
        "linux"
      ],
      "engines": {
        "node": ">= 10"
      }
    },
    "node_modules/@node-rs/jieba-linux-arm64-musl": {
      "version": "1.7.0",
      "resolved": "https://registry.npmmirror.com/@node-rs/jieba-linux-arm64-musl/-/jieba-linux-arm64-musl-1.7.0.tgz",
      "integrity": "sha512-xv6hvzOV7iTCq7mM8SWhC3zEk6CqmBwhOSlfbb3gvPkc4U1UA1hmvcrD7oO5Qn+U+nuswysGCdVU6Z5AypLDfg==",
      "cpu": [
        "arm64"
      ],
      "dev": true,
      "optional": true,
      "os": [
        "linux"
      ],
      "engines": {
        "node": ">= 10"
      }
    },
    "node_modules/@node-rs/jieba-linux-x64-gnu": {
      "version": "1.7.0",
      "resolved": "https://registry.npmmirror.com/@node-rs/jieba-linux-x64-gnu/-/jieba-linux-x64-gnu-1.7.0.tgz",
      "integrity": "sha512-NpelWidMSNLoFTw+ov3y5jhJZjapHwEnh0Fyfm/7mvqkdwzVyedqNj22etRGum+nsAosMotCUWUznIMAD075gQ==",
      "cpu": [
        "x64"
      ],
      "dev": true,
      "optional": true,
      "os": [
        "linux"
      ],
      "engines": {
        "node": ">= 10"
      }
    },
    "node_modules/@node-rs/jieba-linux-x64-musl": {
      "version": "1.7.0",
      "resolved": "https://registry.npmmirror.com/@node-rs/jieba-linux-x64-musl/-/jieba-linux-x64-musl-1.7.0.tgz",
      "integrity": "sha512-yG4F8sy+fW4RbhyKXmEMT/JGuQuKH0TGymCEGYgT0km2I60iys63jWf2VTzCtrx583wxN5XoHv5HN60nhtIBtw==",
      "cpu": [
        "x64"
      ],
      "dev": true,
      "optional": true,
      "os": [
        "linux"
      ],
      "engines": {
        "node": ">= 10"
      }
    },
    "node_modules/@node-rs/jieba-win32-arm64-msvc": {
      "version": "1.7.0",
      "resolved": "https://registry.npmmirror.com/@node-rs/jieba-win32-arm64-msvc/-/jieba-win32-arm64-msvc-1.7.0.tgz",
      "integrity": "sha512-R6l/BSMs6R6BwpZS6DIDZuAEjUIPdAHgyi+xptP3mICjm6U+GMsvsRTeZkIJ7a/yzYUfqvz54VpQsfE5f0psBQ==",
      "cpu": [
        "arm64"
      ],
      "dev": true,
      "optional": true,
      "os": [
        "win32"
      ],
      "engines": {
        "node": ">= 10"
      }
    },
    "node_modules/@node-rs/jieba-win32-ia32-msvc": {
      "version": "1.7.0",
      "resolved": "https://registry.npmmirror.com/@node-rs/jieba-win32-ia32-msvc/-/jieba-win32-ia32-msvc-1.7.0.tgz",
      "integrity": "sha512-FwibbuizEjzom02K2JM2T8tL0VlxW5xGDDy3L3dgx46xIGE85PwGYjgju+eDt4UODgxDsxGC4DUMMZf3XvCc7A==",
      "cpu": [
        "ia32"
      ],
      "dev": true,
      "optional": true,
      "os": [
        "win32"
      ],
      "engines": {
        "node": ">= 10"
      }
    },
    "node_modules/@node-rs/jieba-win32-x64-msvc": {
      "version": "1.7.0",
      "resolved": "https://registry.npmmirror.com/@node-rs/jieba-win32-x64-msvc/-/jieba-win32-x64-msvc-1.7.0.tgz",
      "integrity": "sha512-pJv7nluB6azhsOWvJB86Dyfg/M7n9k49bs9Bwmsylz9uhdZX9QnEShDW934RdmnjPYQ5aPgsSFrY6NXP/aovUA==",
      "cpu": [
        "x64"
      ],
      "dev": true,
      "optional": true,
      "os": [
        "win32"
      ],
      "engines": {
        "node": ">= 10"
      }
    },
    "node_modules/adler-32": {
      "version": "1.3.1",
      "resolved": "https://registry.npmmirror.com/adler-32/-/adler-32-1.3.1.tgz",
      "integrity": "sha512-ynZ4w/nUUv5rrsR8UUGoe1VC9hZj6V5hU9Qw1HlMDJGEJw5S7TfTErWTjMys6M7vr0YWcPqs3qAr4ss0nDfP+A==",
      "dev": true,
      "engines": {
        "node": ">=0.8"
      }
    },
    "node_modules/canvas-constructor": {
      "version": "7.0.1",
      "resolved": "https://registry.npmmirror.com/canvas-constructor/-/canvas-constructor-7.0.1.tgz",
      "integrity": "sha512-dO1FZDDA+0zMoamAYn9hq14/p63p24FHA/aM+r2JOUqwoi+So0kYQo44DywDy/QXH1h9/+tgMSjgn01FpshMfA==",
      "dev": true,
      "dependencies": {
        "tslib": "^2.5.2"
      },
      "engines": {
        "node": ">=v14.18.0"
      }
    },
    "node_modules/cfb": {
      "version": "1.2.2",
      "resolved": "https://registry.npmmirror.com/cfb/-/cfb-1.2.2.tgz",
      "integrity": "sha512-KfdUZsSOw19/ObEWasvBP/Ac4reZvAGauZhs6S/gqNhXhI7cKwvlH7ulj+dOEYnca4bm4SGo8C1bTAQvnTjgQA==",
      "dev": true,
      "dependencies": {
        "adler-32": "~1.3.0",
        "crc-32": "~1.2.0"
      },
      "engines": {
        "node": ">=0.8"
      }
    },
    "node_modules/chart.js": {
      "version": "4.3.0",
      "resolved": "https://registry.npmmirror.com/chart.js/-/chart.js-4.3.0.tgz",
      "integrity": "sha512-ynG0E79xGfMaV2xAHdbhwiPLczxnNNnasrmPEXriXsPJGjmhOBYzFVEsB65w2qMDz+CaBJJuJD0inE/ab/h36g==",
      "dev": true,
      "dependencies": {
        "@kurkle/color": "^0.3.0"
      },
      "engines": {
        "pnpm": ">=7"
      }
    },
    "node_modules/codepage": {
      "version": "1.15.0",
      "resolved": "https://registry.npmmirror.com/codepage/-/codepage-1.15.0.tgz",
      "integrity": "sha512-3g6NUTPd/YtuuGrhMnOMRjFc+LJw/bnMp3+0r/Wcz3IXUuCosKRJvMphm5+Q+bvTVGcJJuRvVLuYba+WojaFaA==",
      "dev": true,
      "engines": {
        "node": ">=0.8"
      }
    },
    "node_modules/crc-32": {
      "version": "1.2.2",
      "resolved": "https://registry.npmmirror.com/crc-32/-/crc-32-1.2.2.tgz",
      "integrity": "sha512-ROmzCKrTnOwybPcJApAA6WBWij23HVfGVNKqqrZpuyZOHqK2CwHSvpGuyt/UNNvaIjEd8X5IFGp4Mh+Ie1IHJQ==",
      "dev": true,
      "bin": {
        "crc32": "bin/crc32.njs"
      },
      "engines": {
        "node": ">=0.8"
      }
    },
    "node_modules/frac": {
      "version": "1.1.2",
      "resolved": "https://registry.npmmirror.com/frac/-/frac-1.1.2.tgz",
      "integrity": "sha512-w/XBfkibaTl3YDqASwfDUqkna4Z2p9cFSr1aHDt0WoMTECnRfBOv2WArlZILlqgWlmdIlALXGpM2AOhEk5W3IA==",
      "dev": true,
      "engines": {
        "node": ">=0.8"
      }
    },
    "node_modules/ssf": {
      "version": "0.11.2",
      "resolved": "https://registry.npmmirror.com/ssf/-/ssf-0.11.2.tgz",
      "integrity": "sha512-+idbmIXoYET47hH+d7dfm2epdOMUDjqcB4648sTZ+t2JwoyBFL/insLfB/racrDmsKB3diwsDA696pZMieAC5g==",
      "dev": true,
      "dependencies": {
        "frac": "~1.1.2"
      },
      "engines": {
        "node": ">=0.8"
      }
    },
    "node_modules/tslib": {
      "version": "2.5.3",
      "resolved": "https://registry.npmmirror.com/tslib/-/tslib-2.5.3.tgz",
      "integrity": "sha512-mSxlJJwl3BMEQCUNnxXBU9jP4JBktcEGhURcPR6VQVlnP0FdDEsIaz0C35dXNGLyRfrATNofF0F5p2KPxQgB+w==",
      "dev": true
    },
    "node_modules/wmf": {
      "version": "1.0.2",
      "resolved": "https://registry.npmmirror.com/wmf/-/wmf-1.0.2.tgz",
      "integrity": "sha512-/p9K7bEh0Dj6WbXg4JG0xvLQmIadrner1bi45VMJTfnbVHsc7yIajZyoSoK60/dtVBs12Fm6WkUI5/3WAVsNMw==",
      "dev": true,
      "engines": {
        "node": ">=0.8"
      }
    },
    "node_modules/word": {
      "version": "0.3.0",
      "resolved": "https://registry.npmmirror.com/word/-/word-0.3.0.tgz",
      "integrity": "sha512-OELeY0Q61OXpdUfTp+oweA/vtLVg5VDOXh+3he3PNzLGG/y0oylSOC1xRVj0+l4vQ3tj/bB1HVHv1ocXkQceFA==",
      "dev": true,
      "engines": {
        "node": ">=0.8"
      }
    },
    "node_modules/xlsx": {
      "version": "0.18.5",
      "resolved": "https://registry.npmmirror.com/xlsx/-/xlsx-0.18.5.tgz",
      "integrity": "sha512-dmg3LCjBPHZnQp5/F/+nnTa+miPJxUXB6vtk42YjBBKayDNagxGEeIdWApkYPOf3Z3pm3k62Knjzp7lMeTEtFQ==",
      "dev": true,
      "dependencies": {
        "adler-32": "~1.3.0",
        "cfb": "~1.2.1",
        "codepage": "~1.15.0",
        "crc-32": "~1.2.1",
        "ssf": "~0.11.2",
        "wmf": "~1.0.1",
        "word": "~0.3.0"
      },
      "bin": {
        "xlsx": "bin/xlsx.njs"
      },
      "engines": {
        "node": ">=0.8"
      }
    }
  },
  "dependencies": {
    "@kurkle/color": {
      "version": "0.3.2",
      "resolved": "https://registry.npmmirror.com/@kurkle/color/-/color-0.3.2.tgz",
      "integrity": "sha512-fuscdXJ9G1qb7W8VdHi+IwRqij3lBkosAm4ydQtEmbY58OzHXqQhvlxqEkoz0yssNVn38bcpRWgA9PP+OGoisw==",
      "dev": true
    },
    "@node-rs/jieba": {
      "version": "1.7.0",
      "resolved": "https://registry.npmmirror.com/@node-rs/jieba/-/jieba-1.7.0.tgz",
      "integrity": "sha512-Hm1JIlejxkWe1FSFZRns/g1j5hZmp357n+0n2BluABA4KLZ8EraHfPmPRmVMW6vbdMZObTYIVu5aVrPnUfBOxg==",
      "dev": true,
      "requires": {
        "@node-rs/jieba-android-arm-eabi": "1.7.0",
        "@node-rs/jieba-android-arm64": "1.7.0",
        "@node-rs/jieba-darwin-arm64": "1.7.0",
        "@node-rs/jieba-darwin-x64": "1.7.0",
        "@node-rs/jieba-freebsd-x64": "1.7.0",
        "@node-rs/jieba-linux-arm-gnueabihf": "1.7.0",
        "@node-rs/jieba-linux-arm64-gnu": "1.7.0",
        "@node-rs/jieba-linux-arm64-musl": "1.7.0",
        "@node-rs/jieba-linux-x64-gnu": "1.7.0",
        "@node-rs/jieba-linux-x64-musl": "1.7.0",
        "@node-rs/jieba-win32-arm64-msvc": "1.7.0",
        "@node-rs/jieba-win32-ia32-msvc": "1.7.0",
        "@node-rs/jieba-win32-x64-msvc": "1.7.0"
      }
    },
    "@node-rs/jieba-android-arm-eabi": {
      "version": "1.7.0",
      "resolved": "https://registry.npmmirror.com/@node-rs/jieba-android-arm-eabi/-/jieba-android-arm-eabi-1.7.0.tgz",
      "integrity": "sha512-XF4OYcZCyDiBK+jm1Zmt2o+xEO7K2K5OvUC3MTc9jd3Lwvy3EdHp8tpGvEp8PxfVFe2/JxNzX4OQQQP3Dhmk9A==",
      "dev": true,
      "optional": true
    },
    "@node-rs/jieba-android-arm64": {
      "version": "1.7.0",
      "resolved": "https://registry.npmmirror.com/@node-rs/jieba-android-arm64/-/jieba-android-arm64-1.7.0.tgz",
      "integrity": "sha512-9oWwFVr/37T89WC+jjiI9A6u0zUJNTJl5ZC4CMxX45MVMokWI7bBXU7t7qBmMdFBzj+OFwDd3sm1fh4vl7NSWA==",
      "dev": true,
      "optional": true
    },
    "@node-rs/jieba-darwin-arm64": {
      "version": "1.7.0",
      "resolved": "https://registry.npmmirror.com/@node-rs/jieba-darwin-arm64/-/jieba-darwin-arm64-1.7.0.tgz",
      "integrity": "sha512-9gBuxJCNITNI/gU5l8eeVGQ9MAf0BV86lfeo9TeU61vJCy6sqyx26wFMLODQgLNdiMP+q/fZme/G0hfZUjfPVA==",
      "dev": true,
      "optional": true
    },
    "@node-rs/jieba-darwin-x64": {
      "version": "1.7.0",
      "resolved": "https://registry.npmmirror.com/@node-rs/jieba-darwin-x64/-/jieba-darwin-x64-1.7.0.tgz",
      "integrity": "sha512-FFUSMY4tl0Prpxa1SHy7Yzze2KfV/bZzccpO5nd+a8zCKbiX6gVkJ89FfxSAD2QrXUGkZvJYiPmu5nkZItqRZQ==",
      "dev": true,
      "optional": true
    },
    "@node-rs/jieba-freebsd-x64": {
      "version": "1.7.0",
      "resolved": "https://registry.npmmirror.com/@node-rs/jieba-freebsd-x64/-/jieba-freebsd-x64-1.7.0.tgz",
      "integrity": "sha512-QFz2pz0Br+621QbKkgQPqTn90j1kcCD9jaI++qTLNHJGlWLRn6sFoAjb+jQEQEy9aE7VqfIV56eaVcCoU5VO2w==",
      "dev": true,
      "optional": true
    },
    "@node-rs/jieba-linux-arm-gnueabihf": {
      "version": "1.7.0",
      "resolved": "https://registry.npmmirror.com/@node-rs/jieba-linux-arm-gnueabihf/-/jieba-linux-arm-gnueabihf-1.7.0.tgz",
      "integrity": "sha512-kHJxO2sd7gMKqI1YS5DjABEcRwRemaCtgbKSuUqEaHGmUz9nAaUF6FSY8U4rXwr7HXt+kQa4NgyYDjgz+Pscrw==",
      "dev": true,
      "optional": true
    },
    "@node-rs/jieba-linux-arm64-gnu": {
      "version": "1.7.0",
      "resolved": "https://registry.npmmirror.com/@node-rs/jieba-linux-arm64-gnu/-/jieba-linux-arm64-gnu-1.7.0.tgz",
      "integrity": "sha512-3qoCV9pF6llPBGDMu7K8JdHjI10WPkrq6P2gpZESqekcE4DatV6DcU9FWR+QL7MK/7meoE3/Zhjm7OK+qBd8gg==",
      "dev": true,
      "optional": true
    },
    "@node-rs/jieba-linux-arm64-musl": {
      "version": "1.7.0",
      "resolved": "https://registry.npmmirror.com/@node-rs/jieba-linux-arm64-musl/-/jieba-linux-arm64-musl-1.7.0.tgz",
      "integrity": "sha512-xv6hvzOV7iTCq7mM8SWhC3zEk6CqmBwhOSlfbb3gvPkc4U1UA1hmvcrD7oO5Qn+U+nuswysGCdVU6Z5AypLDfg==",
      "dev": true,
      "optional": true
    },
    "@node-rs/jieba-linux-x64-gnu": {
      "version": "1.7.0",
      "resolved": "https://registry.npmmirror.com/@node-rs/jieba-linux-x64-gnu/-/jieba-linux-x64-gnu-1.7.0.tgz",
      "integrity": "sha512-NpelWidMSNLoFTw+ov3y5jhJZjapHwEnh0Fyfm/7mvqkdwzVyedqNj22etRGum+nsAosMotCUWUznIMAD075gQ==",
      "dev": true,
      "optional": true
    },
    "@node-rs/jieba-linux-x64-musl": {
      "version": "1.7.0",
      "resolved": "https://registry.npmmirror.com/@node-rs/jieba-linux-x64-musl/-/jieba-linux-x64-musl-1.7.0.tgz",
      "integrity": "sha512-yG4F8sy+fW4RbhyKXmEMT/JGuQuKH0TGymCEGYgT0km2I60iys63jWf2VTzCtrx583wxN5XoHv5HN60nhtIBtw==",
      "dev": true,
      "optional": true
    },
    "@node-rs/jieba-win32-arm64-msvc": {
      "version": "1.7.0",
      "resolved": "https://registry.npmmirror.com/@node-rs/jieba-win32-arm64-msvc/-/jieba-win32-arm64-msvc-1.7.0.tgz",
      "integrity": "sha512-R6l/BSMs6R6BwpZS6DIDZuAEjUIPdAHgyi+xptP3mICjm6U+GMsvsRTeZkIJ7a/yzYUfqvz54VpQsfE5f0psBQ==",
      "dev": true,
      "optional": true
    },
    "@node-rs/jieba-win32-ia32-msvc": {
      "version": "1.7.0",
      "resolved": "https://registry.npmmirror.com/@node-rs/jieba-win32-ia32-msvc/-/jieba-win32-ia32-msvc-1.7.0.tgz",
      "integrity": "sha512-FwibbuizEjzom02K2JM2T8tL0VlxW5xGDDy3L3dgx46xIGE85PwGYjgju+eDt4UODgxDsxGC4DUMMZf3XvCc7A==",
      "dev": true,
      "optional": true
    },
    "@node-rs/jieba-win32-x64-msvc": {
      "version": "1.7.0",
      "resolved": "https://registry.npmmirror.com/@node-rs/jieba-win32-x64-msvc/-/jieba-win32-x64-msvc-1.7.0.tgz",
      "integrity": "sha512-pJv7nluB6azhsOWvJB86Dyfg/M7n9k49bs9Bwmsylz9uhdZX9QnEShDW934RdmnjPYQ5aPgsSFrY6NXP/aovUA==",
      "dev": true,
      "optional": true
    },
    "adler-32": {
      "version": "1.3.1",
      "resolved": "https://registry.npmmirror.com/adler-32/-/adler-32-1.3.1.tgz",
      "integrity": "sha512-ynZ4w/nUUv5rrsR8UUGoe1VC9hZj6V5hU9Qw1HlMDJGEJw5S7TfTErWTjMys6M7vr0YWcPqs3qAr4ss0nDfP+A==",
      "dev": true
    },
    "canvas-constructor": {
      "version": "7.0.1",
      "resolved": "https://registry.npmmirror.com/canvas-constructor/-/canvas-constructor-7.0.1.tgz",
      "integrity": "sha512-dO1FZDDA+0zMoamAYn9hq14/p63p24FHA/aM+r2JOUqwoi+So0kYQo44DywDy/QXH1h9/+tgMSjgn01FpshMfA==",
      "dev": true,
      "requires": {
        "tslib": "^2.5.2"
      }
    },
    "cfb": {
      "version": "1.2.2",
      "resolved": "https://registry.npmmirror.com/cfb/-/cfb-1.2.2.tgz",
      "integrity": "sha512-KfdUZsSOw19/ObEWasvBP/Ac4reZvAGauZhs6S/gqNhXhI7cKwvlH7ulj+dOEYnca4bm4SGo8C1bTAQvnTjgQA==",
      "dev": true,
      "requires": {
        "adler-32": "~1.3.0",
        "crc-32": "~1.2.0"
      }
    },
    "chart.js": {
      "version": "4.3.0",
      "resolved": "https://registry.npmmirror.com/chart.js/-/chart.js-4.3.0.tgz",
      "integrity": "sha512-ynG0E79xGfMaV2xAHdbhwiPLczxnNNnasrmPEXriXsPJGjmhOBYzFVEsB65w2qMDz+CaBJJuJD0inE/ab/h36g==",
      "dev": true,
      "requires": {
        "@kurkle/color": "^0.3.0"
      }
    },
    "codepage": {
      "version": "1.15.0",
      "resolved": "https://registry.npmmirror.com/codepage/-/codepage-1.15.0.tgz",
      "integrity": "sha512-3g6NUTPd/YtuuGrhMnOMRjFc+LJw/bnMp3+0r/Wcz3IXUuCosKRJvMphm5+Q+bvTVGcJJuRvVLuYba+WojaFaA==",
      "dev": true
    },
    "crc-32": {
      "version": "1.2.2",
      "resolved": "https://registry.npmmirror.com/crc-32/-/crc-32-1.2.2.tgz",
      "integrity": "sha512-ROmzCKrTnOwybPcJApAA6WBWij23HVfGVNKqqrZpuyZOHqK2CwHSvpGuyt/UNNvaIjEd8X5IFGp4Mh+Ie1IHJQ==",
      "dev": true
    },
    "frac": {
      "version": "1.1.2",
      "resolved": "https://registry.npmmirror.com/frac/-/frac-1.1.2.tgz",
      "integrity": "sha512-w/XBfkibaTl3YDqASwfDUqkna4Z2p9cFSr1aHDt0WoMTECnRfBOv2WArlZILlqgWlmdIlALXGpM2AOhEk5W3IA==",
      "dev": true
    },
    "ssf": {
      "version": "0.11.2",
      "resolved": "https://registry.npmmirror.com/ssf/-/ssf-0.11.2.tgz",
      "integrity": "sha512-+idbmIXoYET47hH+d7dfm2epdOMUDjqcB4648sTZ+t2JwoyBFL/insLfB/racrDmsKB3diwsDA696pZMieAC5g==",
      "dev": true,
      "requires": {
        "frac": "~1.1.2"
      }
    },
    "tslib": {
      "version": "2.5.3",
      "resolved": "https://registry.npmmirror.com/tslib/-/tslib-2.5.3.tgz",
      "integrity": "sha512-mSxlJJwl3BMEQCUNnxXBU9jP4JBktcEGhURcPR6VQVlnP0FdDEsIaz0C35dXNGLyRfrATNofF0F5p2KPxQgB+w==",
      "dev": true
    },
    "wmf": {
      "version": "1.0.2",
      "resolved": "https://registry.npmmirror.com/wmf/-/wmf-1.0.2.tgz",
      "integrity": "sha512-/p9K7bEh0Dj6WbXg4JG0xvLQmIadrner1bi45VMJTfnbVHsc7yIajZyoSoK60/dtVBs12Fm6WkUI5/3WAVsNMw==",
      "dev": true
    },
    "word": {
      "version": "0.3.0",
      "resolved": "https://registry.npmmirror.com/word/-/word-0.3.0.tgz",
      "integrity": "sha512-OELeY0Q61OXpdUfTp+oweA/vtLVg5VDOXh+3he3PNzLGG/y0oylSOC1xRVj0+l4vQ3tj/bB1HVHv1ocXkQceFA==",
      "dev": true
    },
    "xlsx": {
      "version": "0.18.5",
      "resolved": "https://registry.npmmirror.com/xlsx/-/xlsx-0.18.5.tgz",
      "integrity": "sha512-dmg3LCjBPHZnQp5/F/+nnTa+miPJxUXB6vtk42YjBBKayDNagxGEeIdWApkYPOf3Z3pm3k62Knjzp7lMeTEtFQ==",
      "dev": true,
      "requires": {
        "adler-32": "~1.3.0",
        "cfb": "~1.2.1",
        "codepage": "~1.15.0",
        "crc-32": "~1.2.1",
        "ssf": "~0.11.2",
        "wmf": "~1.0.1",
        "word": "~0.3.0"
      }
    }
  }
}
